
Microsoft Visual Studio Solution File, Format Version 12.00
# Visual Studio 15
VisualStudioVersion = 15.0.28307.421
MinimumVisualStudioVersion = 10.0.40219.1
Project("{FAE04EC0-301F-11D3-BF4B-00C04F79EFBC}") = "XmlExplorer", "XmlExplorer\XmlExplorer.csproj", "{B3FC2B88-708F-43D2-9B1D-65AF4B8BCF48}"
EndProject
Project("{FAE04EC0-301F-11D3-BF4B-00C04F79EFBC}") = "XmlFileEngine", "..\XmlFileEngine\XmlFileEngine\XmlFileEngine.csproj", "{91BD6EF8-74F4-42C0-8E86-EEEA3C3EC16A}"
EndProject
Global
	GlobalSection(SolutionConfigurationPlatforms) = preSolution
		Debug|Any CPU = Debug|Any CPU
		Release|Any CPU = Release|Any CPU
	EndGlobalSection
	GlobalSection(ProjectConfigurationPlatforms) = postSolution
		{B3FC2B88-708F-43D2-9B1D-65AF4B8BCF48}.Debug|Any CPU.ActiveCfg = Debug|Any CPU
		{B3FC2B88-708F-43D2-9B1D-65AF4B8BCF48}.Debug|Any CPU.Build.0 = Debug|Any CPU
		{B3FC2B88-708F-43D2-9B1D-65AF4B8BCF48}.Release|Any CPU.ActiveCfg = Release|Any CPU
		{B3FC2B88-708F-43D2-9B1D-65AF4B8BCF48}.Release|Any CPU.Build.0 = Release|Any CPU
		{91BD6EF8-74F4-42C0-8E86-EEEA3C3EC16A}.Debug|Any CPU.ActiveCfg = Debug|Any CPU
		{91BD6EF8-74F4-42C0-8E86-EEEA3C3EC16A}.Debug|Any CPU.Build.0 = Debug|Any CPU
		{91BD6EF8-74F4-42C0-8E86-EEEA3C3EC16A}.Release|Any CPU.ActiveCfg = Release|Any CPU
		{91BD6EF8-74F4-42C0-8E86-EEEA3C3EC16A}.Release|Any CPU.Build.0 = Release|Any CPU
	EndGlobalSection
	GlobalSection(SolutionProperties) = preSolution
		HideSolutionNode = FALSE
	EndGlobalSection
	GlobalSection(ExtensibilityGlobals) = postSolution
		SolutionGuid = {0E4146D8-935E-4098-9DF1-C77D2F8C0509}
	EndGlobalSection
EndGlobal
